
Microsoft Visual Studio Solution File, Format Version 12.00
# Visual Studio 14
VisualStudioVersion = 14.0.25420.1
MinimumVisualStudioVersion = 10.0.40219.1
Project("{2150E333-8FDC-42A3-9474-1A3956D46DE8}") = "src", "src", "{EC756DF8-CC07-44B7-A843-F331B2F7A9BF}"
EndProject
Project("{FAE04EC0-301F-11D3-BF4B-00C04F79EFBC}") = "DelimitedDataParser", "src\DelimitedDataParser\DelimitedDataParser.csproj", "{D5BDA0F7-7465-4317-80D3-04C50F04619A}"
EndProject
Project("{2150E333-8FDC-42A3-9474-1A3956D46DE8}") = "test", "test", "{6A1C2C78-F0E8-435D-BB25-9B5F78A9D89C}"
EndProject
Project("{FAE04EC0-301F-11D3-BF4B-00C04F79EFBC}") = "DelimitedDataParser.Test", "test\DelimitedDataParser.Test\DelimitedDataParser.Test.csproj", "{F4EFED54-7F24-44B2-8C18-C8544B390437}"
EndProject
Project("{2150E333-8FDC-42A3-9474-1A3956D46DE8}") = "Solution Items", "Solution Items", "{0A5FE047-6075-4341-A445-D3AC708A5D59}"
	ProjectSection(SolutionItems) = preProject
		.gitattributes = .gitattributes
		.gitignore = .gitignore
		appveyor.yml = appveyor.yml
		CHANGELOG.md = CHANGELOG.md
		CodeMaid.config = CodeMaid.config
		CONTRIBUTING.md = CONTRIBUTING.md
		CustomExtendedCorrectnessRules.ruleset = CustomExtendedCorrectnessRules.ruleset
		LICENSE = LICENSE
		README.md = README.md
		Settings.StyleCop = Settings.StyleCop
	EndProjectSection
EndProject
Global
	GlobalSection(SolutionConfigurationPlatforms) = preSolution
		Debug|Any CPU = Debug|Any CPU
		Release|Any CPU = Release|Any CPU
	EndGlobalSection
	GlobalSection(ProjectConfigurationPlatforms) = postSolution
		{D5BDA0F7-7465-4317-80D3-04C50F04619A}.Debug|Any CPU.ActiveCfg = Debug|Any CPU
		{D5BDA0F7-7465-4317-80D3-04C50F04619A}.Debug|Any CPU.Build.0 = Debug|Any CPU
		{D5BDA0F7-7465-4317-80D3-04C50F04619A}.Release|Any CPU.ActiveCfg = Release|Any CPU
		{D5BDA0F7-7465-4317-80D3-04C50F04619A}.Release|Any CPU.Build.0 = Release|Any CPU
		{F4EFED54-7F24-44B2-8C18-C8544B390437}.Debug|Any CPU.ActiveCfg = Debug|Any CPU
		{F4EFED54-7F24-44B2-8C18-C8544B390437}.Debug|Any CPU.Build.0 = Debug|Any CPU
		{F4EFED54-7F24-44B2-8C18-C8544B390437}.Release|Any CPU.ActiveCfg = Release|Any CPU
		{F4EFED54-7F24-44B2-8C18-C8544B390437}.Release|Any CPU.Build.0 = Release|Any CPU
	EndGlobalSection
	GlobalSection(SolutionProperties) = preSolution
		HideSolutionNode = FALSE
	EndGlobalSection
	GlobalSection(NestedProjects) = preSolution
		{D5BDA0F7-7465-4317-80D3-04C50F04619A} = {EC756DF8-CC07-44B7-A843-F331B2F7A9BF}
		{F4EFED54-7F24-44B2-8C18-C8544B390437} = {6A1C2C78-F0E8-435D-BB25-9B5F78A9D89C}
	EndGlobalSection
EndGlobal
